// !$*UTF8*$!
{
	archiveVersion = 1;
	classes = {
	};
	objectVersion = 50;
	objects = {

/* Begin PBXBuildFile section */
		184BDD0022C27AA30080AF80 /* PostTableViewController.swift in Sources */ = {isa = PBXBuildFile; fileRef = 184BDCFF22C27AA20080AF80 /* PostTableViewController.swift */; };
		18ED191822C27937001BDE06 /* PhotoDetailViewController.swift in Sources */ = {isa = PBXBuildFile; fileRef = 18ED191722C27937001BDE06 /* PhotoDetailViewController.swift */; };
		18ED4BFA22C141EE009356C4 /* AppDelegate.swift in Sources */ = {isa = PBXBuildFile; fileRef = 18ED4BF922C141EE009356C4 /* AppDelegate.swift */; };
		18ED4BFF22C141EE009356C4 /* Main.storyboard in Resources */ = {isa = PBXBuildFile; fileRef = 18ED4BFD22C141EE009356C4 /* Main.storyboard */; };
		18ED4C0222C141EE009356C4 /* Viewfinder.xcdatamodeld in Sources */ = {isa = PBXBuildFile; fileRef = 18ED4C0022C141EE009356C4 /* Viewfinder.xcdatamodeld */; };
		18ED4C0422C141EF009356C4 /* Assets.xcassets in Resources */ = {isa = PBXBuildFile; fileRef = 18ED4C0322C141EF009356C4 /* Assets.xcassets */; };
		18ED4C0722C141EF009356C4 /* LaunchScreen.storyboard in Resources */ = {isa = PBXBuildFile; fileRef = 18ED4C0522C141EF009356C4 /* LaunchScreen.storyboard */; };
		18ED4C1222C141EF009356C4 /* ViewfinderTests.swift in Sources */ = {isa = PBXBuildFile; fileRef = 18ED4C1122C141EF009356C4 /* ViewfinderTests.swift */; };
		18ED4C1D22C141EF009356C4 /* ViewfinderUITests.swift in Sources */ = {isa = PBXBuildFile; fileRef = 18ED4C1C22C141EF009356C4 /* ViewfinderUITests.swift */; };
		18ED4C2D22C14C7B009356C4 /* AddPhotoViewController.swift in Sources */ = {isa = PBXBuildFile; fileRef = 18ED4C2C22C14C7B009356C4 /* AddPhotoViewController.swift */; };
/* End PBXBuildFile section */

/* Begin PBXContainerItemProxy section */
		18ED4C0E22C141EF009356C4 /* PBXContainerItemProxy */ = {
			isa = PBXContainerItemProxy;
			containerPortal = 18ED4BEE22C141ED009356C4 /* Project object */;
			proxyType = 1;
			remoteGlobalIDString = 18ED4BF522C141EE009356C4;
			remoteInfo = Viewfinder;
		};
		18ED4C1922C141EF009356C4 /* PBXContainerItemProxy */ = {
			isa = PBXContainerItemProxy;
			containerPortal = 18ED4BEE22C141ED009356C4 /* Project object */;
			proxyType = 1;
			remoteGlobalIDString = 18ED4BF522C141EE009356C4;
			remoteInfo = Viewfinder;
		};
/* End PBXContainerItemProxy section */

/* Begin PBXFileReference section */
		184BDCFF22C27AA20080AF80 /* PostTableViewController.swift */ = {isa = PBXFileReference; lastKnownFileType = sourcecode.swift; path = PostTableViewController.swift; sourceTree = "<group>"; };
		18ED191722C27937001BDE06 /* PhotoDetailViewController.swift */ = {isa = PBXFileReference; lastKnownFileType = sourcecode.swift; path = PhotoDetailViewController.swift; sourceTree = "<group>"; };
		18ED4BF622C141EE009356C4 /* Viewfinder.app */ = {isa = PBXFileReference; explicitFileType = wrapper.application; includeInIndex = 0; path = Viewfinder.app; sourceTree = BUILT_PRODUCTS_DIR; };
		18ED4BF922C141EE009356C4 /* AppDelegate.swift */ = {isa = PBXFileReference; lastKnownFileType = sourcecode.swift; path = AppDelegate.swift; sourceTree = "<group>"; };
		18ED4BFE22C141EE009356C4 /* Base */ = {isa = PBXFileReference; lastKnownFileType = file.storyboard; name = Base; path = Base.lproj/Main.storyboard; sourceTree = "<group>"; };
		18ED4C0122C141EE009356C4 /* Viewfinder.xcdatamodel */ = {isa = PBXFileReference; lastKnownFileType = wrapper.xcdatamodel; path = Viewfinder.xcdatamodel; sourceTree = "<group>"; };
		18ED4C0322C141EF009356C4 /* Assets.xcassets */ = {isa = PBXFileReference; lastKnownFileType = folder.assetcatalog; path = Assets.xcassets; sourceTree = "<group>"; };
		18ED4C0622C141EF009356C4 /* Base */ = {isa = PBXFileReference; lastKnownFileType = file.storyboard; name = Base; path = Base.lproj/LaunchScreen.storyboard; sourceTree = "<group>"; };
		18ED4C0822C141EF009356C4 /* Info.plist */ = {isa = PBXFileReference; lastKnownFileType = text.plist.xml; path = Info.plist; sourceTree = "<group>"; };
		18ED4C0D22C141EF009356C4 /* ViewfinderTests.xctest */ = {isa = PBXFileReference; explicitFileType = wrapper.cfbundle; includeInIndex = 0; path = ViewfinderTests.xctest; sourceTree = BUILT_PRODUCTS_DIR; };
		18ED4C1122C141EF009356C4 /* ViewfinderTests.swift */ = {isa = PBXFileReference; lastKnownFileType = sourcecode.swift; path = ViewfinderTests.swift; sourceTree = "<group>"; };
		18ED4C1322C141EF009356C4 /* Info.plist */ = {isa = PBXFileReference; lastKnownFileType = text.plist.xml; path = Info.plist; sourceTree = "<group>"; };
		18ED4C1822C141EF009356C4 /* ViewfinderUITests.xctest */ = {isa = PBXFileReference; explicitFileType = wrapper.cfbundle; includeInIndex = 0; path = ViewfinderUITests.xctest; sourceTree = BUILT_PRODUCTS_DIR; };
		18ED4C1C22C141EF009356C4 /* ViewfinderUITests.swift */ = {isa = PBXFileReference; lastKnownFileType = sourcecode.swift; path = ViewfinderUITests.swift; sourceTree = "<group>"; };
		18ED4C1E22C141EF009356C4 /* Info.plist */ = {isa = PBXFileReference; lastKnownFileType = text.plist.xml; path = Info.plist; sourceTree = "<group>"; };
		18ED4C2C22C14C7B009356C4 /* AddPhotoViewController.swift */ = {isa = PBXFileReference; lastKnownFileType = sourcecode.swift; name = AddPhotoViewController.swift; path = ../../AddPhotoViewController.swift; sourceTree = "<group>"; };
/* End PBXFileReference section */

/* Begin PBXFrameworksBuildPhase section */
		18ED4BF322C141EE009356C4 /* Frameworks */ = {
			isa = PBXFrameworksBuildPhase;
			buildActionMask = 2147483647;
			files = (
			);
			runOnlyForDeploymentPostprocessing = 0;
		};
		18ED4C0A22C141EF009356C4 /* Frameworks */ = {
			isa = PBXFrameworksBuildPhase;
			buildActionMask = 2147483647;
			files = (
			);
			runOnlyForDeploymentPostprocessing = 0;
		};
		18ED4C1522C141EF009356C4 /* Frameworks */ = {
			isa = PBXFrameworksBuildPhase;
			buildActionMask = 2147483647;
			files = (
			);
			runOnlyForDeploymentPostprocessing = 0;
		};
/* End PBXFrameworksBuildPhase section */

/* Begin PBXGroup section */
		18ED4BED22C141ED009356C4 = {
			isa = PBXGroup;
			children = (
				18ED4BF822C141EE009356C4 /* Viewfinder */,
				18ED4C1022C141EF009356C4 /* ViewfinderTests */,
				18ED4C1B22C141EF009356C4 /* ViewfinderUITests */,
				18ED4BF722C141EE009356C4 /* Products */,
			);
			sourceTree = "<group>";
		};
		18ED4BF722C141EE009356C4 /* Products */ = {
			isa = PBXGroup;
			children = (
				18ED4BF622C141EE009356C4 /* Viewfinder.app */,
				18ED4C0D22C141EF009356C4 /* ViewfinderTests.xctest */,
				18ED4C1822C141EF009356C4 /* ViewfinderUITests.xctest */,
			);
			name = Products;
			sourceTree = "<group>";
		};
		18ED4BF822C141EE009356C4 /* Viewfinder */ = {
			isa = PBXGroup;
			children = (
				184BDCFF22C27AA20080AF80 /* PostTableViewController.swift */,
				18ED4BF922C141EE009356C4 /* AppDelegate.swift */,
				18ED4C0022C141EE009356C4 /* Viewfinder.xcdatamodeld */,
				18ED4BFD22C141EE009356C4 /* Main.storyboard */,
				18ED191722C27937001BDE06 /* PhotoDetailViewController.swift */,
				18ED4C2C22C14C7B009356C4 /* AddPhotoViewController.swift */,
				18ED4C0322C141EF009356C4 /* Assets.xcassets */,
				18ED4C0522C141EF009356C4 /* LaunchScreen.storyboard */,
				18ED4C0822C141EF009356C4 /* Info.plist */,
			);
			path = Viewfinder;
			sourceTree = "<group>";
		};
		18ED4C1022C141EF009356C4 /* ViewfinderTests */ = {
			isa = PBXGroup;
			children = (
				18ED4C1122C141EF009356C4 /* ViewfinderTests.swift */,
				18ED4C1322C141EF009356C4 /* Info.plist */,
			);
			path = ViewfinderTests;
			sourceTree = "<group>";
		};
		18ED4C1B22C141EF009356C4 /* ViewfinderUITests */ = {
			isa = PBXGroup;
			children = (
				18ED4C1C22C141EF009356C4 /* ViewfinderUITests.swift */,
				18ED4C1E22C141EF009356C4 /* Info.plist */,
			);
			path = ViewfinderUITests;
			sourceTree = "<group>";
		};
/* End PBXGroup section */

/* Begin PBXNativeTarget section */
		18ED4BF522C141EE009356C4 /* Viewfinder */ = {
			isa = PBXNativeTarget;
			buildConfigurationList = 18ED4C2122C141EF009356C4 /* Build configuration list for PBXNativeTarget "Viewfinder" */;
			buildPhases = (
				18ED4BF222C141EE009356C4 /* Sources */,
				18ED4BF322C141EE009356C4 /* Frameworks */,
				18ED4BF422C141EE009356C4 /* Resources */,
			);
			buildRules = (
			);
			dependencies = (
			);
			name = Viewfinder;
			productName = Viewfinder;
			productReference = 18ED4BF622C141EE009356C4 /* Viewfinder.app */;
			productType = "com.apple.product-type.application";
		};
		18ED4C0C22C141EF009356C4 /* ViewfinderTests */ = {
			isa = PBXNativeTarget;
			buildConfigurationList = 18ED4C2422C141EF009356C4 /* Build configuration list for PBXNativeTarget "ViewfinderTests" */;
			buildPhases = (
				18ED4C0922C141EF009356C4 /* Sources */,
				18ED4C0A22C141EF009356C4 /* Frameworks */,
				18ED4C0B22C141EF009356C4 /* Resources */,
			);
			buildRules = (
			);
			dependencies = (
				18ED4C0F22C141EF009356C4 /* PBXTargetDependency */,
			);
			name = ViewfinderTests;
			productName = ViewfinderTests;
			productReference = 18ED4C0D22C141EF009356C4 /* ViewfinderTests.xctest */;
			productType = "com.apple.product-type.bundle.unit-test";
		};
		18ED4C1722C141EF009356C4 /* ViewfinderUITests */ = {
			isa = PBXNativeTarget;
			buildConfigurationList = 18ED4C2722C141EF009356C4 /* Build configuration list for PBXNativeTarget "ViewfinderUITests" */;
			buildPhases = (
				18ED4C1422C141EF009356C4 /* Sources */,
				18ED4C1522C141EF009356C4 /* Frameworks */,
				18ED4C1622C141EF009356C4 /* Resources */,
			);
			buildRules = (
			);
			dependencies = (
				18ED4C1A22C141EF009356C4 /* PBXTargetDependency */,
			);
			name = ViewfinderUITests;
			productName = ViewfinderUITests;
			productReference = 18ED4C1822C141EF009356C4 /* ViewfinderUITests.xctest */;
			productType = "com.apple.product-type.bundle.ui-testing";
		};
/* End PBXNativeTarget section */

/* Begin PBXProject section */
		18ED4BEE22C141ED009356C4 /* Project object */ = {
			isa = PBXProject;
			attributes = {
				LastSwiftUpdateCheck = 1020;
				LastUpgradeCheck = 1020;
				ORGANIZATIONNAME = Apple;
				TargetAttributes = {
					18ED4BF522C141EE009356C4 = {
						CreatedOnToolsVersion = 10.2.1;
					};
					18ED4C0C22C141EF009356C4 = {
						CreatedOnToolsVersion = 10.2.1;
						TestTargetID = 18ED4BF522C141EE009356C4;
					};
					18ED4C1722C141EF009356C4 = {
						CreatedOnToolsVersion = 10.2.1;
						TestTargetID = 18ED4BF522C141EE009356C4;
					};
				};
			};
			buildConfigurationList = 18ED4BF122C141ED009356C4 /* Build configuration list for PBXProject "Viewfinder" */;
			compatibilityVersion = "Xcode 9.3";
			developmentRegion = en;
			hasScannedForEncodings = 0;
			knownRegions = (
				en,
				Base,
			);
			mainGroup = 18ED4BED22C141ED009356C4;
			productRefGroup = 18ED4BF722C141EE009356C4 /* Products */;
			projectDirPath = "";
			projectRoot = "";
			targets = (
				18ED4BF522C141EE009356C4 /* Viewfinder */,
				18ED4C0C22C141EF009356C4 /* ViewfinderTests */,
				18ED4C1722C141EF009356C4 /* ViewfinderUITests */,
			);
		};
/* End PBXProject section */

/* Begin PBXResourcesBuildPhase section */
		18ED4BF422C141EE009356C4 /* Resources */ = {
			isa = PBXResourcesBuildPhase;
			buildActionMask = 2147483647;
			files = (
				18ED4C0722C141EF009356C4 /* LaunchScreen.storyboard in Resources */,
				18ED4C0422C141EF009356C4 /* Assets.xcassets in Resources */,
				18ED4BFF22C141EE009356C4 /* Main.storyboard in Resources */,
			);
			runOnlyForDeploymentPostprocessing = 0;
		};
		18ED4C0B22C141EF009356C4 /* Resources */ = {
			isa = PBXResourcesBuildPhase;
			buildActionMask = 2147483647;
			files = (
			);
			runOnlyForDeploymentPostprocessing = 0;
		};
		18ED4C1622C141EF009356C4 /* Resources */ = {
			isa = PBXResourcesBuildPhase;
			buildActionMask = 2147483647;
			files = (
			);
			runOnlyForDeploymentPostprocessing = 0;
		};
/* End PBXResourcesBuildPhase section */

/* Begin PBXSourcesBuildPhase section */
		18ED4BF222C141EE009356C4 /* Sources */ = {
			isa = PBXSourcesBuildPhase;
			buildActionMask = 2147483647;
			files = (
				18ED4BFA22C141EE009356C4 /* AppDelegate.swift in Sources */,
				184BDD0022C27AA30080AF80 /* PostTableViewController.swift in Sources */,
				18ED4C2D22C14C7B009356C4 /* AddPhotoViewController.swift in Sources */,
				18ED191822C27937001BDE06 /* PhotoDetailViewController.swift in Sources */,
				18ED4C0222C141EE009356C4 /* Viewfinder.xcdatamodeld in Sources */,
			);
			runOnlyForDeploymentPostprocessing = 0;
		};
		18ED4C0922C141EF009356C4 /* Sources */ = {
			isa = PBXSourcesBuildPhase;
			buildActionMask = 2147483647;
			files = (
				18ED4C1222C141EF009356C4 /* ViewfinderTests.swift in Sources */,
			);
			runOnlyForDeploymentPostprocessing = 0;
		};
		18ED4C1422C141EF009356C4 /* Sources */ = {
			isa = PBXSourcesBuildPhase;
			buildActionMask = 2147483647;
			files = (
				18ED4C1D22C141EF009356C4 /* ViewfinderUITests.swift in Sources */,
			);
			runOnlyForDeploymentPostprocessing = 0;
		};
/* End PBXSourcesBuildPhase section */

/* Begin PBXTargetDependency section */
		18ED4C0F22C141EF009356C4 /* PBXTargetDependency */ = {
			isa = PBXTargetDependency;
			target = 18ED4BF522C141EE009356C4 /* Viewfinder */;
			targetProxy = 18ED4C0E22C141EF009356C4 /* PBXContainerItemProxy */;
		};
		18ED4C1A22C141EF009356C4 /* PBXTargetDependency */ = {
			isa = PBXTargetDependency;
			target = 18ED4BF522C141EE009356C4 /* Viewfinder */;
			targetProxy = 18ED4C1922C141EF009356C4 /* PBXContainerItemProxy */;
		};
/* End PBXTargetDependency section */

/* Begin PBXVariantGroup section */
		18ED4BFD22C141EE009356C4 /* Main.storyboard */ = {
			isa = PBXVariantGroup;
			children = (
				18ED4BFE22C141EE009356C4 /* Base */,
			);
			name = Main.storyboard;
			sourceTree = "<group>";
		};
		18ED4C0522C141EF009356C4 /* LaunchScreen.storyboard */ = {
			isa = PBXVariantGroup;
			children = (
				18ED4C0622C141EF009356C4 /* Base */,
			);
			name = LaunchScreen.storyboard;
			sourceTree = "<group>";
		};
/* End PBXVariantGroup section */

/* Begin XCBuildConfiguration section */
		18ED4C1F22C141EF009356C4 /* Debug */ = {
			isa = XCBuildConfiguration;
			buildSettings = {
				ALWAYS_SEARCH_USER_PATHS = NO;
				CLANG_ANALYZER_NONNULL = YES;
				CLANG_ANALYZER_NUMBER_OBJECT_CONVERSION = YES_AGGRESSIVE;
				CLANG_CXX_LANGUAGE_STANDARD = "gnu++14";
				CLANG_CXX_LIBRARY = "libc++";
				CLANG_ENABLE_MODULES = YES;
				CLANG_ENABLE_OBJC_ARC = YES;
				CLANG_ENABLE_OBJC_WEAK = YES;
				CLANG_WARN_BLOCK_CAPTURE_AUTORELEASING = YES;
				CLANG_WARN_BOOL_CONVERSION = YES;
				CLANG_WARN_COMMA = YES;
				CLANG_WARN_CONSTANT_CONVERSION = YES;
				CLANG_WARN_DEPRECATED_OBJC_IMPLEMENTATIONS = YES;
				CLANG_WARN_DIRECT_OBJC_ISA_USAGE = YES_ERROR;
				CLANG_WARN_DOCUMENTATION_COMMENTS = YES;
				CLANG_WARN_EMPTY_BODY = YES;
				CLANG_WARN_ENUM_CONVERSION = YES;
				CLANG_WARN_INFINITE_RECURSION = YES;
				CLANG_WARN_INT_CONVERSION = YES;
				CLANG_WARN_NON_LITERAL_NULL_CONVERSION = YES;
				CLANG_WARN_OBJC_IMPLICIT_RETAIN_SELF = YES;
				CLANG_WARN_OBJC_LITERAL_CONVERSION = YES;
				CLANG_WARN_OBJC_ROOT_CLASS = YES_ERROR;
				CLANG_WARN_RANGE_LOOP_ANALYSIS = YES;
				CLANG_WARN_STRICT_PROTOTYPES = YES;
				CLANG_WARN_SUSPICIOUS_MOVE = YES;
				CLANG_WARN_UNGUARDED_AVAILABILITY = YES_AGGRESSIVE;
				CLANG_WARN_UNREACHABLE_CODE = YES;
				CLANG_WARN__DUPLICATE_METHOD_MATCH = YES;
				CODE_SIGN_IDENTITY = "iPhone Developer";
				COPY_PHASE_STRIP = NO;
				DEBUG_INFORMATION_FORMAT = dwarf;
				ENABLE_STRICT_OBJC_MSGSEND = YES;
				ENABLE_TESTABILITY = YES;
				GCC_C_LANGUAGE_STANDARD = gnu11;
				GCC_DYNAMIC_NO_PIC = NO;
				GCC_NO_COMMON_BLOCKS = YES;
				GCC_OPTIMIZATION_LEVEL = 0;
				GCC_PREPROCESSOR_DEFINITIONS = (
					"DEBUG=1",
					"$(inherited)",
				);
				GCC_WARN_64_TO_32_BIT_CONVERSION = YES;
				GCC_WARN_ABOUT_RETURN_TYPE = YES_ERROR;
				GCC_WARN_UNDECLARED_SELECTOR = YES;
				GCC_WARN_UNINITIALIZED_AUTOS = YES_AGGRESSIVE;
				GCC_WARN_UNUSED_FUNCTION = YES;
				GCC_WARN_UNUSED_VARIABLE = YES;
				IPHONEOS_DEPLOYMENT_TARGET = 12.2;
				MTL_ENABLE_DEBUG_INFO = INCLUDE_SOURCE;
				MTL_FAST_MATH = YES;
				ONLY_ACTIVE_ARCH = YES;
				SDKROOT = iphoneos;
				SWIFT_ACTIVE_COMPILATION_CONDITIONS = DEBUG;
				SWIFT_OPTIMIZATION_LEVEL = "-Onone";
			};
			name = Debug;
		};
		18ED4C2022C141EF009356C4 /* Release */ = {
			isa = XCBuildConfiguration;
			buildSettings = {
				ALWAYS_SEARCH_USER_PATHS = NO;
				CLANG_ANALYZER_NONNULL = YES;
				CLANG_ANALYZER_NUMBER_OBJECT_CONVERSION = YES_AGGRESSIVE;
				CLANG_CXX_LANGUAGE_STANDARD = "gnu++14";
				CLANG_CXX_LIBRARY = "libc++";
				CLANG_ENABLE_MODULES = YES;
				CLANG_ENABLE_OBJC_ARC = YES;
				CLANG_ENABLE_OBJC_WEAK = YES;
				CLANG_WARN_BLOCK_CAPTURE_AUTORELEASING = YES;
				CLANG_WARN_BOOL_CONVERSION = YES;
				CLANG_WARN_COMMA = YES;
				CLANG_WARN_CONSTANT_CONVERSION = YES;
				CLANG_WARN_DEPRECATED_OBJC_IMPLEMENTATIONS = YES;
				CLANG_WARN_DIRECT_OBJC_ISA_USAGE = YES_ERROR;
				CLANG_WARN_DOCUMENTATION_COMMENTS = YES;
				CLANG_WARN_EMPTY_BODY = YES;
				CLANG_WARN_ENUM_CONVERSION = YES;
				CLANG_WARN_INFINITE_RECURSION = YES;
				CLANG_WARN_INT_CONVERSION = YES;
				CLANG_WARN_NON_LITERAL_NULL_CONVERSION = YES;
				CLANG_WARN_OBJC_IMPLICIT_RETAIN_SELF = YES;
				CLANG_WARN_OBJC_LITERAL_CONVERSION = YES;
				CLANG_WARN_OBJC_ROOT_CLASS = YES_ERROR;
				CLANG_WARN_RANGE_LOOP_ANALYSIS = YES;
				CLANG_WARN_STRICT_PROTOTYPES = YES;
				CLANG_WARN_SUSPICIOUS_MOVE = YES;
				CLANG_WARN_UNGUARDED_AVAILABILITY = YES_AGGRESSIVE;
				CLANG_WARN_UNREACHABLE_CODE = YES;
				CLANG_WARN__DUPLICATE_METHOD_MATCH = YES;
				CODE_SIGN_IDENTITY = "iPhone Developer";
				COPY_PHASE_STRIP = NO;
				DEBUG_INFORMATION_FORMAT = "dwarf-with-dsym";
				ENABLE_NS_ASSERTIONS = NO;
				ENABLE_STRICT_OBJC_MSGSEND = YES;
				GCC_C_LANGUAGE_STANDARD = gnu11;
				GCC_NO_COMMON_BLOCKS = YES;
				GCC_WARN_64_TO_32_BIT_CONVERSION = YES;
				GCC_WARN_ABOUT_RETURN_TYPE = YES_ERROR;
				GCC_WARN_UNDECLARED_SELECTOR = YES;
				GCC_WARN_UNINITIALIZED_AUTOS = YES_AGGRESSIVE;
				GCC_WARN_UNUSED_FUNCTION = YES;
				GCC_WARN_UNUSED_VARIABLE = YES;
				IPHONEOS_DEPLOYMENT_TARGET = 12.2;
				MTL_ENABLE_DEBUG_INFO = NO;
				MTL_FAST_MATH = YES;
				SDKROOT = iphoneos;
				SWIFT_COMPILATION_MODE = wholemodule;
				SWIFT_OPTIMIZATION_LEVEL = "-O";
				VALIDATE_PRODUCT = YES;
			};
			name = Release;
		};
		18ED4C2222C141EF009356C4 /* Debug */ = {
			isa = XCBuildConfiguration;
			buildSettings = {
				ASSETCATALOG_COMPILER_APPICON_NAME = AppIcon;
				CODE_SIGN_STYLE = Automatic;
				INFOPLIST_FILE = Viewfinder/Info.plist;
				LD_RUNPATH_SEARCH_PATHS = (
					"$(inherited)",
					"@executable_path/Frameworks",
				);
				PRODUCT_BUNDLE_IDENTIFIER = "Rahima-Adnan.Viewfinder";
				PRODUCT_NAME = "$(TARGET_NAME)";
				SWIFT_VERSION = 5.0;
				TARGETED_DEVICE_FAMILY = "1,2";
			};
			name = Debug;
		};
		18ED4C2322C141EF009356C4 /* Release */ = {
			isa = XCBuildConfiguration;
			buildSettings = {
				ASSETCATALOG_COMPILER_APPICON_NAME = AppIcon;
				CODE_SIGN_STYLE = Automatic;
				INFOPLIST_FILE = Viewfinder/Info.plist;
				LD_RUNPATH_SEARCH_PATHS = (
					"$(inherited)",
					"@executable_path/Frameworks",
				);
				PRODUCT_BUNDLE_IDENTIFIER = "Rahima-Adnan.Viewfinder";
				PRODUCT_NAME = "$(TARGET_NAME)";
				SWIFT_VERSION = 5.0;
				TARGETED_DEVICE_FAMILY = "1,2";
			};
			name = Release;
		};
		18ED4C2522C141EF009356C4 /* Debug */ = {
			isa = XCBuildConfiguration;
			buildSettings = {
				ALWAYS_EMBED_SWIFT_STANDARD_LIBRARIES = YES;
				BUNDLE_LOADER = "$(TEST_HOST)";
				CODE_SIGN_STYLE = Automatic;
				INFOPLIST_FILE = ViewfinderTests/Info.plist;
				LD_RUNPATH_SEARCH_PATHS = (
					"$(inherited)",
					"@executable_path/Frameworks",
					"@loader_path/Frameworks",
				);
				PRODUCT_BUNDLE_IDENTIFIER = "Rahima-Adnan.ViewfinderTests";
				PRODUCT_NAME = "$(TARGET_NAME)";
				SWIFT_VERSION = 5.0;
				TARGETED_DEVICE_FAMILY = "1,2";
				TEST_HOST = "$(BUILT_PRODUCTS_DIR)/Viewfinder.app/Viewfinder";
			};
			name = Debug;
		};
		18ED4C2622C141EF009356C4 /* Release */ = {
			isa = XCBuildConfiguration;
			buildSettings = {
				ALWAYS_EMBED_SWIFT_STANDARD_LIBRARIES = YES;
				BUNDLE_LOADER = "$(TEST_HOST)";
				CODE_SIGN_STYLE = Automatic;
				INFOPLIST_FILE = ViewfinderTests/Info.plist;
				LD_RUNPATH_SEARCH_PATHS = (
					"$(inherited)",
					"@executable_path/Frameworks",
					"@loader_path/Frameworks",
				);
				PRODUCT_BUNDLE_IDENTIFIER = "Rahima-Adnan.ViewfinderTests";
				PRODUCT_NAME = "$(TARGET_NAME)";
				SWIFT_VERSION = 5.0;
				TARGETED_DEVICE_FAMILY = "1,2";
				TEST_HOST = "$(BUILT_PRODUCTS_DIR)/Viewfinder.app/Viewfinder";
			};
			name = Release;
		};
		18ED4C2822C141EF009356C4 /* Debug */ = {
			isa = XCBuildConfiguration;
			buildSettings = {
				ALWAYS_EMBED_SWIFT_STANDARD_LIBRARIES = YES;
				CODE_SIGN_STYLE = Automatic;
				INFOPLIST_FILE = ViewfinderUITests/Info.plist;
				LD_RUNPATH_SEARCH_PATHS = (
					"$(inherited)",
					"@executable_path/Frameworks",
					"@loader_path/Frameworks",
				);
				PRODUCT_BUNDLE_IDENTIFIER = "Rahima-Adnan.ViewfinderUITests";
				PRODUCT_NAME = "$(TARGET_NAME)";
				SWIFT_VERSION = 5.0;
				TARGETED_DEVICE_FAMILY = "1,2";
				TEST_TARGET_NAME = Viewfinder;
			};
			name = Debug;
		};
		18ED4C2922C141EF009356C4 /* Release */ = {
			isa = XCBuildConfiguration;
			buildSettings = {
				ALWAYS_EMBED_SWIFT_STANDARD_LIBRARIES = YES;
				CODE_SIGN_STYLE = Automatic;
				INFOPLIST_FILE = ViewfinderUITests/Info.plist;
				LD_RUNPATH_SEARCH_PATHS = (
					"$(inherited)",
					"@executable_path/Frameworks",
					"@loader_path/Frameworks",
				);
				PRODUCT_BUNDLE_IDENTIFIER = "Rahima-Adnan.ViewfinderUITests";
				PRODUCT_NAME = "$(TARGET_NAME)";
				SWIFT_VERSION = 5.0;
				TARGETED_DEVICE_FAMILY = "1,2";
				TEST_TARGET_NAME = Viewfinder;
			};
			name = Release;
		};
/* End XCBuildConfiguration section */

/* Begin XCConfigurationList section */
		18ED4BF122C141ED009356C4 /* Build configuration list for PBXProject "Viewfinder" */ = {
			isa = XCConfigurationList;
			buildConfigurations = (
				18ED4C1F22C141EF009356C4 /* Debug */,
				18ED4C2022C141EF009356C4 /* Release */,
			);
			defaultConfigurationIsVisible = 0;
			defaultConfigurationName = Release;
		};
		18ED4C2122C141EF009356C4 /* Build configuration list for PBXNativeTarget "Viewfinder" */ = {
			isa = XCConfigurationList;
			buildConfigurations = (
				18ED4C2222C141EF009356C4 /* Debug */,
				18ED4C2322C141EF009356C4 /* Release */,
			);
			defaultConfigurationIsVisible = 0;
			defaultConfigurationName = Release;
		};
		18ED4C2422C141EF009356C4 /* Build configuration list for PBXNativeTarget "ViewfinderTests" */ = {
			isa = XCConfigurationList;
			buildConfigurations = (
				18ED4C2522C141EF009356C4 /* Debug */,
				18ED4C2622C141EF009356C4 /* Release */,
			);
			defaultConfigurationIsVisible = 0;
			defaultConfigurationName = Release;
		};
		18ED4C2722C141EF009356C4 /* Build configuration list for PBXNativeTarget "ViewfinderUITests" */ = {
			isa = XCConfigurationList;
			buildConfigurations = (
				18ED4C2822C141EF009356C4 /* Debug */,
				18ED4C2922C141EF009356C4 /* Release */,
			);
			defaultConfigurationIsVisible = 0;
			defaultConfigurationName = Release;
		};
/* End XCConfigurationList section */

/* Begin XCVersionGroup section */
		18ED4C0022C141EE009356C4 /* Viewfinder.xcdatamodeld */ = {
			isa = XCVersionGroup;
			children = (
				18ED4C0122C141EE009356C4 /* Viewfinder.xcdatamodel */,
			);
			currentVersion = 18ED4C0122C141EE009356C4 /* Viewfinder.xcdatamodel */;
			path = Viewfinder.xcdatamodeld;
			sourceTree = "<group>";
			versionGroupType = wrapper.xcdatamodel;
		};
/* End XCVersionGroup section */
	};
	rootObject = 18ED4BEE22C141ED009356C4 /* Project object */;
}
